// !$*UTF8*$!
{
	archiveVersion = 1;
	classes = {
	};
	objectVersion = 56;
	objects = {

/* Begin PBXBuildFile section */
		A0DA11F32A412446001F72DD /* AppDelegate.swift in Sources */ = {isa = PBXBuildFile; fileRef = A0DA11F22A412446001F72DD /* AppDelegate.swift */; };
		A0DA11FC2A412447001F72DD /* Assets.xcassets in Resources */ = {isa = PBXBuildFile; fileRef = A0DA11FB2A412447001F72DD /* Assets.xcassets */; };
		A0DA11FF2A412447001F72DD /* LaunchScreen.storyboard in Resources */ = {isa = PBXBuildFile; fileRef = A0DA11FD2A412447001F72DD /* LaunchScreen.storyboard */; };
		A0DA120A2A412447001F72DD /* TrendingReposTests.swift in Sources */ = {isa = PBXBuildFile; fileRef = A0DA12092A412447001F72DD /* TrendingReposTests.swift */; };
		A0DA12142A412447001F72DD /* TrendingReposUITests.swift in Sources */ = {isa = PBXBuildFile; fileRef = A0DA12132A412447001F72DD /* TrendingReposUITests.swift */; };
		A0DA12162A412447001F72DD /* TrendingReposUITestsLaunchTests.swift in Sources */ = {isa = PBXBuildFile; fileRef = A0DA12152A412447001F72DD /* TrendingReposUITestsLaunchTests.swift */; };
		A0DA12272A422845001F72DD /* Coordinator.swift in Sources */ = {isa = PBXBuildFile; fileRef = A0DA12262A422845001F72DD /* Coordinator.swift */; };
		A0DA122B2A4228C6001F72DD /* AppCoordinator.swift in Sources */ = {isa = PBXBuildFile; fileRef = A0DA122A2A4228C6001F72DD /* AppCoordinator.swift */; };
/* End PBXBuildFile section */

/* Begin PBXContainerItemProxy section */
		A0DA12062A412447001F72DD /* PBXContainerItemProxy */ = {
			isa = PBXContainerItemProxy;
			containerPortal = A0DA11E72A412446001F72DD /* Project object */;
			proxyType = 1;
			remoteGlobalIDString = A0DA11EE2A412446001F72DD;
			remoteInfo = TrendingRepos;
		};
		A0DA12102A412447001F72DD /* PBXContainerItemProxy */ = {
			isa = PBXContainerItemProxy;
			containerPortal = A0DA11E72A412446001F72DD /* Project object */;
			proxyType = 1;
			remoteGlobalIDString = A0DA11EE2A412446001F72DD;
			remoteInfo = TrendingRepos;
		};
/* End PBXContainerItemProxy section */

/* Begin PBXFileReference section */
		A0DA11EF2A412446001F72DD /* TrendingRepos.app */ = {isa = PBXFileReference; explicitFileType = wrapper.application; includeInIndex = 0; path = TrendingRepos.app; sourceTree = BUILT_PRODUCTS_DIR; };
		A0DA11F22A412446001F72DD /* AppDelegate.swift */ = {isa = PBXFileReference; lastKnownFileType = sourcecode.swift; path = AppDelegate.swift; sourceTree = "<group>"; };
		A0DA11FB2A412447001F72DD /* Assets.xcassets */ = {isa = PBXFileReference; lastKnownFileType = folder.assetcatalog; path = Assets.xcassets; sourceTree = "<group>"; };
		A0DA11FE2A412447001F72DD /* Base */ = {isa = PBXFileReference; lastKnownFileType = file.storyboard; name = Base; path = Base.lproj/LaunchScreen.storyboard; sourceTree = "<group>"; };
		A0DA12002A412447001F72DD /* Info.plist */ = {isa = PBXFileReference; lastKnownFileType = text.plist.xml; path = Info.plist; sourceTree = "<group>"; };
		A0DA12052A412447001F72DD /* TrendingReposTests.xctest */ = {isa = PBXFileReference; explicitFileType = wrapper.cfbundle; includeInIndex = 0; path = TrendingReposTests.xctest; sourceTree = BUILT_PRODUCTS_DIR; };
		A0DA12092A412447001F72DD /* TrendingReposTests.swift */ = {isa = PBXFileReference; lastKnownFileType = sourcecode.swift; path = TrendingReposTests.swift; sourceTree = "<group>"; };
		A0DA120F2A412447001F72DD /* TrendingReposUITests.xctest */ = {isa = PBXFileReference; explicitFileType = wrapper.cfbundle; includeInIndex = 0; path = TrendingReposUITests.xctest; sourceTree = BUILT_PRODUCTS_DIR; };
		A0DA12132A412447001F72DD /* TrendingReposUITests.swift */ = {isa = PBXFileReference; lastKnownFileType = sourcecode.swift; path = TrendingReposUITests.swift; sourceTree = "<group>"; };
		A0DA12152A412447001F72DD /* TrendingReposUITestsLaunchTests.swift */ = {isa = PBXFileReference; lastKnownFileType = sourcecode.swift; path = TrendingReposUITestsLaunchTests.swift; sourceTree = "<group>"; };
		A0DA12262A422845001F72DD /* Coordinator.swift */ = {isa = PBXFileReference; lastKnownFileType = sourcecode.swift; path = Coordinator.swift; sourceTree = "<group>"; };
		A0DA122A2A4228C6001F72DD /* AppCoordinator.swift */ = {isa = PBXFileReference; lastKnownFileType = sourcecode.swift; path = AppCoordinator.swift; sourceTree = "<group>"; };
/* End PBXFileReference section */

/* Begin PBXFrameworksBuildPhase section */
		A0DA11EC2A412446001F72DD /* Frameworks */ = {
			isa = PBXFrameworksBuildPhase;
			buildActionMask = 2147483647;
			files = (
			);
			runOnlyForDeploymentPostprocessing = 0;
		};
		A0DA12022A412447001F72DD /* Frameworks */ = {
			isa = PBXFrameworksBuildPhase;
			buildActionMask = 2147483647;
			files = (
			);
			runOnlyForDeploymentPostprocessing = 0;
		};
		A0DA120C2A412447001F72DD /* Frameworks */ = {
			isa = PBXFrameworksBuildPhase;
			buildActionMask = 2147483647;
			files = (
			);
			runOnlyForDeploymentPostprocessing = 0;
		};
/* End PBXFrameworksBuildPhase section */

/* Begin PBXGroup section */
		A0DA11E62A412446001F72DD = {
			isa = PBXGroup;
			children = (
				A0DA11F12A412446001F72DD /* TrendingRepos */,
				A0DA12082A412447001F72DD /* TrendingReposTests */,
				A0DA12122A412447001F72DD /* TrendingReposUITests */,
				A0DA11F02A412446001F72DD /* Products */,
			);
			sourceTree = "<group>";
		};
		A0DA11F02A412446001F72DD /* Products */ = {
			isa = PBXGroup;
			children = (
				A0DA11EF2A412446001F72DD /* TrendingRepos.app */,
				A0DA12052A412447001F72DD /* TrendingReposTests.xctest */,
				A0DA120F2A412447001F72DD /* TrendingReposUITests.xctest */,
			);
			name = Products;
			sourceTree = "<group>";
		};
		A0DA11F12A412446001F72DD /* TrendingRepos */ = {
			isa = PBXGroup;
			children = (
				A0DA12222A4223BE001F72DD /* AppDelegate */,
				A0DA12242A4227C5001F72DD /* Coordinator */,
				A0DA12232A422407001F72DD /* Resources */,
				A0DA12002A412447001F72DD /* Info.plist */,
			);
			path = TrendingRepos;
			sourceTree = "<group>";
		};
		A0DA12082A412447001F72DD /* TrendingReposTests */ = {
			isa = PBXGroup;
			children = (
				A0DA12092A412447001F72DD /* TrendingReposTests.swift */,
			);
			path = TrendingReposTests;
			sourceTree = "<group>";
		};
		A0DA12122A412447001F72DD /* TrendingReposUITests */ = {
			isa = PBXGroup;
			children = (
				A0DA12132A412447001F72DD /* TrendingReposUITests.swift */,
				A0DA12152A412447001F72DD /* TrendingReposUITestsLaunchTests.swift */,
			);
			path = TrendingReposUITests;
			sourceTree = "<group>";
		};
		A0DA12222A4223BE001F72DD /* AppDelegate */ = {
			isa = PBXGroup;
			children = (
				A0DA11F22A412446001F72DD /* AppDelegate.swift */,
			);
			path = AppDelegate;
			sourceTree = "<group>";
		};
		A0DA12232A422407001F72DD /* Resources */ = {
			isa = PBXGroup;
			children = (
				A0DA11FB2A412447001F72DD /* Assets.xcassets */,
				A0DA11FD2A412447001F72DD /* LaunchScreen.storyboard */,
			);
			path = Resources;
			sourceTree = "<group>";
		};
		A0DA12242A4227C5001F72DD /* Coordinator */ = {
			isa = PBXGroup;
			children = (
				A0DA12262A422845001F72DD /* Coordinator.swift */,
				A0DA122A2A4228C6001F72DD /* AppCoordinator.swift */,
			);
			path = Coordinator;
			sourceTree = "<group>";
		};
/* End PBXGroup section */

/* Begin PBXNativeTarget section */
		A0DA11EE2A412446001F72DD /* TrendingRepos */ = {
			isa = PBXNativeTarget;
			buildConfigurationList = A0DA12192A412447001F72DD /* Build configuration list for PBXNativeTarget "TrendingRepos" */;
			buildPhases = (
				A0DA11EB2A412446001F72DD /* Sources */,
				A0DA11EC2A412446001F72DD /* Frameworks */,
				A0DA11ED2A412446001F72DD /* Resources */,
			);
			buildRules = (
			);
			dependencies = (
			);
			name = TrendingRepos;
			productName = TrendingRepos;
			productReference = A0DA11EF2A412446001F72DD /* TrendingRepos.app */;
			productType = "com.apple.product-type.application";
		};
		A0DA12042A412447001F72DD /* TrendingReposTests */ = {
			isa = PBXNativeTarget;
			buildConfigurationList = A0DA121C2A412447001F72DD /* Build configuration list for PBXNativeTarget "TrendingReposTests" */;
			buildPhases = (
				A0DA12012A412447001F72DD /* Sources */,
				A0DA12022A412447001F72DD /* Frameworks */,
				A0DA12032A412447001F72DD /* Resources */,
			);
			buildRules = (
			);
			dependencies = (
				A0DA12072A412447001F72DD /* PBXTargetDependency */,
			);
			name = TrendingReposTests;
			productName = TrendingReposTests;
			productReference = A0DA12052A412447001F72DD /* TrendingReposTests.xctest */;
			productType = "com.apple.product-type.bundle.unit-test";
		};
		A0DA120E2A412447001F72DD /* TrendingReposUITests */ = {
			isa = PBXNativeTarget;
			buildConfigurationList = A0DA121F2A412447001F72DD /* Build configuration list for PBXNativeTarget "TrendingReposUITests" */;
			buildPhases = (
				A0DA120B2A412447001F72DD /* Sources */,
				A0DA120C2A412447001F72DD /* Frameworks */,
				A0DA120D2A412447001F72DD /* Resources */,
			);
			buildRules = (
			);
			dependencies = (
				A0DA12112A412447001F72DD /* PBXTargetDependency */,
			);
			name = TrendingReposUITests;
			productName = TrendingReposUITests;
			productReference = A0DA120F2A412447001F72DD /* TrendingReposUITests.xctest */;
			productType = "com.apple.product-type.bundle.ui-testing";
		};
/* End PBXNativeTarget section */

/* Begin PBXProject section */
		A0DA11E72A412446001F72DD /* Project object */ = {
			isa = PBXProject;
			attributes = {
				BuildIndependentTargetsInParallel = 1;
				LastSwiftUpdateCheck = 1430;
				LastUpgradeCheck = 1430;
				TargetAttributes = {
					A0DA11EE2A412446001F72DD = {
						CreatedOnToolsVersion = 14.3.1;
					};
					A0DA12042A412447001F72DD = {
						CreatedOnToolsVersion = 14.3.1;
						TestTargetID = A0DA11EE2A412446001F72DD;
					};
					A0DA120E2A412447001F72DD = {
						CreatedOnToolsVersion = 14.3.1;
						TestTargetID = A0DA11EE2A412446001F72DD;
					};
				};
			};
			buildConfigurationList = A0DA11EA2A412446001F72DD /* Build configuration list for PBXProject "TrendingRepos" */;
			compatibilityVersion = "Xcode 14.0";
			developmentRegion = en;
			hasScannedForEncodings = 0;
			knownRegions = (
				en,
				Base,
			);
			mainGroup = A0DA11E62A412446001F72DD;
			productRefGroup = A0DA11F02A412446001F72DD /* Products */;
			projectDirPath = "";
			projectRoot = "";
			targets = (
				A0DA11EE2A412446001F72DD /* TrendingRepos */,
				A0DA12042A412447001F72DD /* TrendingReposTests */,
				A0DA120E2A412447001F72DD /* TrendingReposUITests */,
			);
		};
/* End PBXProject section */

/* Begin PBXResourcesBuildPhase section */
		A0DA11ED2A412446001F72DD /* Resources */ = {
			isa = PBXResourcesBuildPhase;
			buildActionMask = 2147483647;
			files = (
				A0DA11FF2A412447001F72DD /* LaunchScreen.storyboard in Resources */,
				A0DA11FC2A412447001F72DD /* Assets.xcassets in Resources */,
			);
			runOnlyForDeploymentPostprocessing = 0;
		};
		A0DA12032A412447001F72DD /* Resources */ = {
			isa = PBXResourcesBuildPhase;
			buildActionMask = 2147483647;
			files = (
			);
			runOnlyForDeploymentPostprocessing = 0;
		};
		A0DA120D2A412447001F72DD /* Resources */ = {
			isa = PBXResourcesBuildPhase;
			buildActionMask = 2147483647;
			files = (
			);
			runOnlyForDeploymentPostprocessing = 0;
		};
/* End PBXResourcesBuildPhase section */

/* Begin PBXSourcesBuildPhase section */
		A0DA11EB2A412446001F72DD /* Sources */ = {
			isa = PBXSourcesBuildPhase;
			buildActionMask = 2147483647;
			files = (
				A0DA122B2A4228C6001F72DD /* AppCoordinator.swift in Sources */,
				A0DA12272A422845001F72DD /* Coordinator.swift in Sources */,
				A0DA11F32A412446001F72DD /* AppDelegate.swift in Sources */,
			);
			runOnlyForDeploymentPostprocessing = 0;
		};
		A0DA12012A412447001F72DD /* Sources */ = {
			isa = PBXSourcesBuildPhase;
			buildActionMask = 2147483647;
			files = (
				A0DA120A2A412447001F72DD /* TrendingReposTests.swift in Sources */,
			);
			runOnlyForDeploymentPostprocessing = 0;
		};
		A0DA120B2A412447001F72DD /* Sources */ = {
			isa = PBXSourcesBuildPhase;
			buildActionMask = 2147483647;
			files = (
				A0DA12142A412447001F72DD /* TrendingReposUITests.swift in Sources */,
				A0DA12162A412447001F72DD /* TrendingReposUITestsLaunchTests.swift in Sources */,
			);
			runOnlyForDeploymentPostprocessing = 0;
		};
/* End PBXSourcesBuildPhase section */

/* Begin PBXTargetDependency section */
		A0DA12072A412447001F72DD /* PBXTargetDependency */ = {
			isa = PBXTargetDependency;
			target = A0DA11EE2A412446001F72DD /* TrendingRepos */;
			targetProxy = A0DA12062A412447001F72DD /* PBXContainerItemProxy */;
		};
		A0DA12112A412447001F72DD /* PBXTargetDependency */ = {
			isa = PBXTargetDependency;
			target = A0DA11EE2A412446001F72DD /* TrendingRepos */;
			targetProxy = A0DA12102A412447001F72DD /* PBXContainerItemProxy */;
		};
/* End PBXTargetDependency section */

/* Begin PBXVariantGroup section */
		A0DA11FD2A412447001F72DD /* LaunchScreen.storyboard */ = {
			isa = PBXVariantGroup;
			children = (
				A0DA11FE2A412447001F72DD /* Base */,
			);
			name = LaunchScreen.storyboard;
			sourceTree = "<group>";
		};
/* End PBXVariantGroup section */

/* Begin XCBuildConfiguration section */
		A0DA12172A412447001F72DD /* Debug */ = {
			isa = XCBuildConfiguration;
			buildSettings = {
				ALWAYS_SEARCH_USER_PATHS = NO;
				CLANG_ANALYZER_NONNULL = YES;
				CLANG_ANALYZER_NUMBER_OBJECT_CONVERSION = YES_AGGRESSIVE;
				CLANG_CXX_LANGUAGE_STANDARD = "gnu++20";
				CLANG_ENABLE_MODULES = YES;
				CLANG_ENABLE_OBJC_ARC = YES;
				CLANG_ENABLE_OBJC_WEAK = YES;
				CLANG_WARN_BLOCK_CAPTURE_AUTORELEASING = YES;
				CLANG_WARN_BOOL_CONVERSION = YES;
				CLANG_WARN_COMMA = YES;
				CLANG_WARN_CONSTANT_CONVERSION = YES;
				CLANG_WARN_DEPRECATED_OBJC_IMPLEMENTATIONS = YES;
				CLANG_WARN_DIRECT_OBJC_ISA_USAGE = YES_ERROR;
				CLANG_WARN_DOCUMENTATION_COMMENTS = YES;
				CLANG_WARN_EMPTY_BODY = YES;
				CLANG_WARN_ENUM_CONVERSION = YES;
				CLANG_WARN_INFINITE_RECURSION = YES;
				CLANG_WARN_INT_CONVERSION = YES;
				CLANG_WARN_NON_LITERAL_NULL_CONVERSION = YES;
				CLANG_WARN_OBJC_IMPLICIT_RETAIN_SELF = YES;
				CLANG_WARN_OBJC_LITERAL_CONVERSION = YES;
				CLANG_WARN_OBJC_ROOT_CLASS = YES_ERROR;
				CLANG_WARN_QUOTED_INCLUDE_IN_FRAMEWORK_HEADER = YES;
				CLANG_WARN_RANGE_LOOP_ANALYSIS = YES;
				CLANG_WARN_STRICT_PROTOTYPES = YES;
				CLANG_WARN_SUSPICIOUS_MOVE = YES;
				CLANG_WARN_UNGUARDED_AVAILABILITY = YES_AGGRESSIVE;
				CLANG_WARN_UNREACHABLE_CODE = YES;
				CLANG_WARN__DUPLICATE_METHOD_MATCH = YES;
				COPY_PHASE_STRIP = NO;
				DEBUG_INFORMATION_FORMAT = dwarf;
				ENABLE_STRICT_OBJC_MSGSEND = YES;
				ENABLE_TESTABILITY = YES;
				GCC_C_LANGUAGE_STANDARD = gnu11;
				GCC_DYNAMIC_NO_PIC = NO;
				GCC_NO_COMMON_BLOCKS = YES;
				GCC_OPTIMIZATION_LEVEL = 0;
				GCC_PREPROCESSOR_DEFINITIONS = (
					"DEBUG=1",
					"$(inherited)",
				);
				GCC_WARN_64_TO_32_BIT_CONVERSION = YES;
				GCC_WARN_ABOUT_RETURN_TYPE = YES_ERROR;
				GCC_WARN_UNDECLARED_SELECTOR = YES;
				GCC_WARN_UNINITIALIZED_AUTOS = YES_AGGRESSIVE;
				GCC_WARN_UNUSED_FUNCTION = YES;
				GCC_WARN_UNUSED_VARIABLE = YES;
				IPHONEOS_DEPLOYMENT_TARGET = 16.4;
				MTL_ENABLE_DEBUG_INFO = INCLUDE_SOURCE;
				MTL_FAST_MATH = YES;
				ONLY_ACTIVE_ARCH = YES;
				SDKROOT = iphoneos;
				SWIFT_ACTIVE_COMPILATION_CONDITIONS = DEBUG;
				SWIFT_OPTIMIZATION_LEVEL = "-Onone";
			};
			name = Debug;
		};
		A0DA12182A412447001F72DD /* Release */ = {
			isa = XCBuildConfiguration;
			buildSettings = {
				ALWAYS_SEARCH_USER_PATHS = NO;
				CLANG_ANALYZER_NONNULL = YES;
				CLANG_ANALYZER_NUMBER_OBJECT_CONVERSION = YES_AGGRESSIVE;
				CLANG_CXX_LANGUAGE_STANDARD = "gnu++20";
				CLANG_ENABLE_MODULES = YES;
				CLANG_ENABLE_OBJC_ARC = YES;
				CLANG_ENABLE_OBJC_WEAK = YES;
				CLANG_WARN_BLOCK_CAPTURE_AUTORELEASING = YES;
				CLANG_WARN_BOOL_CONVERSION = YES;
				CLANG_WARN_COMMA = YES;
				CLANG_WARN_CONSTANT_CONVERSION = YES;
				CLANG_WARN_DEPRECATED_OBJC_IMPLEMENTATIONS = YES;
				CLANG_WARN_DIRECT_OBJC_ISA_USAGE = YES_ERROR;
				CLANG_WARN_DOCUMENTATION_COMMENTS = YES;
				CLANG_WARN_EMPTY_BODY = YES;
				CLANG_WARN_ENUM_CONVERSION = YES;
				CLANG_WARN_INFINITE_RECURSION = YES;
				CLANG_WARN_INT_CONVERSION = YES;
				CLANG_WARN_NON_LITERAL_NULL_CONVERSION = YES;
				CLANG_WARN_OBJC_IMPLICIT_RETAIN_SELF = YES;
				CLANG_WARN_OBJC_LITERAL_CONVERSION = YES;
				CLANG_WARN_OBJC_ROOT_CLASS = YES_ERROR;
				CLANG_WARN_QUOTED_INCLUDE_IN_FRAMEWORK_HEADER = YES;
				CLANG_WARN_RANGE_LOOP_ANALYSIS = YES;
				CLANG_WARN_STRICT_PROTOTYPES = YES;
				CLANG_WARN_SUSPICIOUS_MOVE = YES;
				CLANG_WARN_UNGUARDED_AVAILABILITY = YES_AGGRESSIVE;
				CLANG_WARN_UNREACHABLE_CODE = YES;
				CLANG_WARN__DUPLICATE_METHOD_MATCH = YES;
				COPY_PHASE_STRIP = NO;
				DEBUG_INFORMATION_FORMAT = "dwarf-with-dsym";
				ENABLE_NS_ASSERTIONS = NO;
				ENABLE_STRICT_OBJC_MSGSEND = YES;
				GCC_C_LANGUAGE_STANDARD = gnu11;
				GCC_NO_COMMON_BLOCKS = YES;
				GCC_WARN_64_TO_32_BIT_CONVERSION = YES;
				GCC_WARN_ABOUT_RETURN_TYPE = YES_ERROR;
				GCC_WARN_UNDECLARED_SELECTOR = YES;
				GCC_WARN_UNINITIALIZED_AUTOS = YES_AGGRESSIVE;
				GCC_WARN_UNUSED_FUNCTION = YES;
				GCC_WARN_UNUSED_VARIABLE = YES;
				IPHONEOS_DEPLOYMENT_TARGET = 16.4;
				MTL_ENABLE_DEBUG_INFO = NO;
				MTL_FAST_MATH = YES;
				SDKROOT = iphoneos;
				SWIFT_COMPILATION_MODE = wholemodule;
				SWIFT_OPTIMIZATION_LEVEL = "-O";
				VALIDATE_PRODUCT = YES;
			};
			name = Release;
		};
		A0DA121A2A412447001F72DD /* Debug */ = {
			isa = XCBuildConfiguration;
			buildSettings = {
				ASSETCATALOG_COMPILER_APPICON_NAME = AppIcon;
				ASSETCATALOG_COMPILER_GLOBAL_ACCENT_COLOR_NAME = AccentColor;
				CODE_SIGN_STYLE = Automatic;
				CURRENT_PROJECT_VERSION = 1;
				GENERATE_INFOPLIST_FILE = YES;
				INFOPLIST_FILE = TrendingRepos/Info.plist;
				INFOPLIST_KEY_UIApplicationSupportsIndirectInputEvents = YES;
				INFOPLIST_KEY_UILaunchStoryboardName = LaunchScreen.storyboard;
				INFOPLIST_KEY_UISupportedInterfaceOrientations_iPad = "UIInterfaceOrientationPortrait UIInterfaceOrientationPortraitUpsideDown UIInterfaceOrientationLandscapeLeft UIInterfaceOrientationLandscapeRight";
				INFOPLIST_KEY_UISupportedInterfaceOrientations_iPhone = "UIInterfaceOrientationPortrait UIInterfaceOrientationLandscapeLeft UIInterfaceOrientationLandscapeRight";
				IPHONEOS_DEPLOYMENT_TARGET = 13.0;
				LD_RUNPATH_SEARCH_PATHS = (
					"$(inherited)",
					"@executable_path/Frameworks",
				);
				MARKETING_VERSION = 1.0;
				PRODUCT_BUNDLE_IDENTIFIER = com.ammarelshamy.TrendingRepos;
				PRODUCT_NAME = "$(TARGET_NAME)";
				SWIFT_EMIT_LOC_STRINGS = YES;
				SWIFT_VERSION = 5.0;
				TARGETED_DEVICE_FAMILY = "1,2";
			};
			name = Debug;
		};
		A0DA121B2A412447001F72DD /* Release */ = {
			isa = XCBuildConfiguration;
			buildSettings = {
				ASSETCATALOG_COMPILER_APPICON_NAME = AppIcon;
				ASSETCATALOG_COMPILER_GLOBAL_ACCENT_COLOR_NAME = AccentColor;
				CODE_SIGN_STYLE = Automatic;
				CURRENT_PROJECT_VERSION = 1;
				GENERATE_INFOPLIST_FILE = YES;
				INFOPLIST_FILE = TrendingRepos/Info.plist;
				INFOPLIST_KEY_UIApplicationSupportsIndirectInputEvents = YES;
				INFOPLIST_KEY_UILaunchStoryboardName = LaunchScreen.storyboard;
				INFOPLIST_KEY_UISupportedInterfaceOrientations_iPad = "UIInterfaceOrientationPortrait UIInterfaceOrientationPortraitUpsideDown UIInterfaceOrientationLandscapeLeft UIInterfaceOrientationLandscapeRight";
				INFOPLIST_KEY_UISupportedInterfaceOrientations_iPhone = "UIInterfaceOrientationPortrait UIInterfaceOrientationLandscapeLeft UIInterfaceOrientationLandscapeRight";
				IPHONEOS_DEPLOYMENT_TARGET = 13.0;
				LD_RUNPATH_SEARCH_PATHS = (
					"$(inherited)",
					"@executable_path/Frameworks",
				);
				MARKETING_VERSION = 1.0;
				PRODUCT_BUNDLE_IDENTIFIER = com.ammarelshamy.TrendingRepos;
				PRODUCT_NAME = "$(TARGET_NAME)";
				SWIFT_EMIT_LOC_STRINGS = YES;
				SWIFT_VERSION = 5.0;
				TARGETED_DEVICE_FAMILY = "1,2";
			};
			name = Release;
		};
		A0DA121D2A412447001F72DD /* Debug */ = {
			isa = XCBuildConfiguration;
			buildSettings = {
				ALWAYS_EMBED_SWIFT_STANDARD_LIBRARIES = YES;
				BUNDLE_LOADER = "$(TEST_HOST)";
				CODE_SIGN_STYLE = Automatic;
				CURRENT_PROJECT_VERSION = 1;
				GENERATE_INFOPLIST_FILE = YES;
				IPHONEOS_DEPLOYMENT_TARGET = 16.4;
				MARKETING_VERSION = 1.0;
				PRODUCT_BUNDLE_IDENTIFIER = com.ammarelshamy.TrendingReposTests;
				PRODUCT_NAME = "$(TARGET_NAME)";
				SWIFT_EMIT_LOC_STRINGS = NO;
				SWIFT_VERSION = 5.0;
				TARGETED_DEVICE_FAMILY = "1,2";
				TEST_HOST = "$(BUILT_PRODUCTS_DIR)/TrendingRepos.app/$(BUNDLE_EXECUTABLE_FOLDER_PATH)/TrendingRepos";
			};
			name = Debug;
		};
		A0DA121E2A412447001F72DD /* Release */ = {
			isa = XCBuildConfiguration;
			buildSettings = {
				ALWAYS_EMBED_SWIFT_STANDARD_LIBRARIES = YES;
				BUNDLE_LOADER = "$(TEST_HOST)";
				CODE_SIGN_STYLE = Automatic;
				CURRENT_PROJECT_VERSION = 1;
				GENERATE_INFOPLIST_FILE = YES;
				IPHONEOS_DEPLOYMENT_TARGET = 16.4;
				MARKETING_VERSION = 1.0;
				PRODUCT_BUNDLE_IDENTIFIER = com.ammarelshamy.TrendingReposTests;
				PRODUCT_NAME = "$(TARGET_NAME)";
				SWIFT_EMIT_LOC_STRINGS = NO;
				SWIFT_VERSION = 5.0;
				TARGETED_DEVICE_FAMILY = "1,2";
				TEST_HOST = "$(BUILT_PRODUCTS_DIR)/TrendingRepos.app/$(BUNDLE_EXECUTABLE_FOLDER_PATH)/TrendingRepos";
			};
			name = Release;
		};
		A0DA12202A412447001F72DD /* Debug */ = {
			isa = XCBuildConfiguration;
			buildSettings = {
				ALWAYS_EMBED_SWIFT_STANDARD_LIBRARIES = YES;
				CODE_SIGN_STYLE = Automatic;
				CURRENT_PROJECT_VERSION = 1;
				GENERATE_INFOPLIST_FILE = YES;
				MARKETING_VERSION = 1.0;
				PRODUCT_BUNDLE_IDENTIFIER = com.ammarelshamy.TrendingReposUITests;
				PRODUCT_NAME = "$(TARGET_NAME)";
				SWIFT_EMIT_LOC_STRINGS = NO;
				SWIFT_VERSION = 5.0;
				TARGETED_DEVICE_FAMILY = "1,2";
				TEST_TARGET_NAME = TrendingRepos;
			};
			name = Debug;
		};
		A0DA12212A412447001F72DD /* Release */ = {
			isa = XCBuildConfiguration;
			buildSettings = {
				ALWAYS_EMBED_SWIFT_STANDARD_LIBRARIES = YES;
				CODE_SIGN_STYLE = Automatic;
				CURRENT_PROJECT_VERSION = 1;
				GENERATE_INFOPLIST_FILE = YES;
				MARKETING_VERSION = 1.0;
				PRODUCT_BUNDLE_IDENTIFIER = com.ammarelshamy.TrendingReposUITests;
				PRODUCT_NAME = "$(TARGET_NAME)";
				SWIFT_EMIT_LOC_STRINGS = NO;
				SWIFT_VERSION = 5.0;
				TARGETED_DEVICE_FAMILY = "1,2";
				TEST_TARGET_NAME = TrendingRepos;
			};
			name = Release;
		};
/* End XCBuildConfiguration section */

/* Begin XCConfigurationList section */
		A0DA11EA2A412446001F72DD /* Build configuration list for PBXProject "TrendingRepos" */ = {
			isa = XCConfigurationList;
			buildConfigurations = (
				A0DA12172A412447001F72DD /* Debug */,
				A0DA12182A412447001F72DD /* Release */,
			);
			defaultConfigurationIsVisible = 0;
			defaultConfigurationName = Release;
		};
		A0DA12192A412447001F72DD /* Build configuration list for PBXNativeTarget "TrendingRepos" */ = {
			isa = XCConfigurationList;
			buildConfigurations = (
				A0DA121A2A412447001F72DD /* Debug */,
				A0DA121B2A412447001F72DD /* Release */,
			);
			defaultConfigurationIsVisible = 0;
			defaultConfigurationName = Release;
		};
		A0DA121C2A412447001F72DD /* Build configuration list for PBXNativeTarget "TrendingReposTests" */ = {
			isa = XCConfigurationList;
			buildConfigurations = (
				A0DA121D2A412447001F72DD /* Debug */,
				A0DA121E2A412447001F72DD /* Release */,
			);
			defaultConfigurationIsVisible = 0;
			defaultConfigurationName = Release;
		};
		A0DA121F2A412447001F72DD /* Build configuration list for PBXNativeTarget "TrendingReposUITests" */ = {
			isa = XCConfigurationList;
			buildConfigurations = (
				A0DA12202A412447001F72DD /* Debug */,
				A0DA12212A412447001F72DD /* Release */,
			);
			defaultConfigurationIsVisible = 0;
			defaultConfigurationName = Release;
		};
/* End XCConfigurationList section */
	};
	rootObject = A0DA11E72A412446001F72DD /* Project object */;
}
